
Microsoft Visual Studio Solution File, Format Version 12.00
# Visual Studio Version 17
VisualStudioVersion = 17.8.34330.188
MinimumVisualStudioVersion = 10.0.40219.1
Project("{FAE04EC0-301F-11D3-BF4B-00C04F79EFBC}") = "request", "request\request.csproj", "{B3520898-9B4C-480A-A764-C81FE1C874CC}"
EndProject
Global
	GlobalSection(SolutionConfigurationPlatforms) = preSolution
		Debug|Any CPU = Debug|Any CPU
		Release|Any CPU = Release|Any CPU
	EndGlobalSection
	GlobalSection(ProjectConfigurationPlatforms) = postSolution
		{B3520898-9B4C-480A-A764-C81FE1C874CC}.Debug|Any CPU.ActiveCfg = Debug|Any CPU
		{B3520898-9B4C-480A-A764-C81FE1C874CC}.Debug|Any CPU.Build.0 = Debug|Any CPU
		{B3520898-9B4C-480A-A764-C81FE1C874CC}.Release|Any CPU.ActiveCfg = Release|Any CPU
		{B3520898-9B4C-480A-A764-C81FE1C874CC}.Release|Any CPU.Build.0 = Release|Any CPU
	EndGlobalSection
	GlobalSection(SolutionProperties) = preSolution
		HideSolutionNode = FALSE
	EndGlobalSection
	GlobalSection(ExtensibilityGlobals) = postSolution
		SolutionGuid = {F1DD1FE3-8BCE-45C2-B788-832BEF55F54D}
	EndGlobalSection
EndGlobal
